
Microsoft Visual Studio Solution File, Format Version 12.00
# Visual Studio 15
VisualStudioVersion = 15.0.28010.2016
MinimumVisualStudioVersion = 10.0.40219.1
Project("{9A19103F-16F7-4668-BE54-9A1E7A4F7556}") = "WebApplication1", "WebApplication1.csproj", "{4788C459-5428-4C12-A9C2-BCD6E1EE344D}"
EndProject
Global
	GlobalSection(SolutionConfigurationPlatforms) = preSolution
		Debug|Any CPU = Debug|Any CPU
		Release|Any CPU = Release|Any CPU
	EndGlobalSection
	GlobalSection(ProjectConfigurationPlatforms) = postSolution
		{4788C459-5428-4C12-A9C2-BCD6E1EE344D}.Debug|Any CPU.ActiveCfg = Debug|Any CPU
		{4788C459-5428-4C12-A9C2-BCD6E1EE344D}.Debug|Any CPU.Build.0 = Debug|Any CPU
		{4788C459-5428-4C12-A9C2-BCD6E1EE344D}.Release|Any CPU.ActiveCfg = Release|Any CPU
		{4788C459-5428-4C12-A9C2-BCD6E1EE344D}.Release|Any CPU.Build.0 = Release|Any CPU
	EndGlobalSection
	GlobalSection(SolutionProperties) = preSolution
		HideSolutionNode = FALSE
	EndGlobalSection
	GlobalSection(ExtensibilityGlobals) = postSolution
		SolutionGuid = {4DEE4CA9-640E-4B54-8BB9-F98DBDF16591}
	EndGlobalSection
EndGlobal
